
Microsoft Visual Studio Solution File, Format Version 12.00
# Visual Studio Version 17
VisualStudioVersion = 17.10.35122.118
MinimumVisualStudioVersion = 10.0.40219.1
Project("{9A19103F-16F7-4668-BE54-9A1E7A4F7556}") = "CaseStudy.Product.Application", "CaseStudy.Product.Application\CaseStudy.Product.Application.csproj", "{3E05DF2D-5D33-4CF2-AFB5-7DB9ACBA25B8}"
EndProject
Project("{9A19103F-16F7-4668-BE54-9A1E7A4F7556}") = "CaseStudy.Product.API", "CaseStudy.Product.API\CaseStudy.Product.API.csproj", "{41078180-2A95-4629-8ADD-084E7D857C81}"
EndProject
Project("{9A19103F-16F7-4668-BE54-9A1E7A4F7556}") = "CaseStudy.Product.Domain", "CaseStudy.Product.Domain\CaseStudy.Product.Domain.csproj", "{A3C10CCE-1E3F-474C-A728-053B0F2B7BA2}"
EndProject
Project("{9A19103F-16F7-4668-BE54-9A1E7A4F7556}") = "CaseStudy.Product.Infra", "CaseStudy.Product.Infra\CaseStudy.Product.Infra.csproj", "{178C55BC-CCA4-4E98-B08A-055A9F5FA682}"
EndProject
Project("{9A19103F-16F7-4668-BE54-9A1E7A4F7556}") = "CaseStudy.Product.Contracts", "CaseStudy.Product.Contracts\CaseStudy.Product.Contracts.csproj", "{FBE46B8D-E318-4078-B30B-C7BBD0AB4CE7}"
EndProject
Project("{FAE04EC0-301F-11D3-BF4B-00C04F79EFBC}") = "CaseStudy.Product.UnitTest", "tests\CaseStudy.Product.UnitTest\CaseStudy.Product.UnitTest.csproj", "{11C85C32-5C5F-452D-AE25-E5C97EC5934D}"
EndProject
Global
	GlobalSection(SolutionConfigurationPlatforms) = preSolution
		Debug|Any CPU = Debug|Any CPU
		Release|Any CPU = Release|Any CPU
	EndGlobalSection
	GlobalSection(ProjectConfigurationPlatforms) = postSolution
		{3E05DF2D-5D33-4CF2-AFB5-7DB9ACBA25B8}.Debug|Any CPU.ActiveCfg = Debug|Any CPU
		{3E05DF2D-5D33-4CF2-AFB5-7DB9ACBA25B8}.Debug|Any CPU.Build.0 = Debug|Any CPU
		{3E05DF2D-5D33-4CF2-AFB5-7DB9ACBA25B8}.Release|Any CPU.ActiveCfg = Release|Any CPU
		{3E05DF2D-5D33-4CF2-AFB5-7DB9ACBA25B8}.Release|Any CPU.Build.0 = Release|Any CPU
		{41078180-2A95-4629-8ADD-084E7D857C81}.Debug|Any CPU.ActiveCfg = Debug|Any CPU
		{41078180-2A95-4629-8ADD-084E7D857C81}.Debug|Any CPU.Build.0 = Debug|Any CPU
		{41078180-2A95-4629-8ADD-084E7D857C81}.Release|Any CPU.ActiveCfg = Release|Any CPU
		{41078180-2A95-4629-8ADD-084E7D857C81}.Release|Any CPU.Build.0 = Release|Any CPU
		{A3C10CCE-1E3F-474C-A728-053B0F2B7BA2}.Debug|Any CPU.ActiveCfg = Debug|Any CPU
		{A3C10CCE-1E3F-474C-A728-053B0F2B7BA2}.Debug|Any CPU.Build.0 = Debug|Any CPU
		{A3C10CCE-1E3F-474C-A728-053B0F2B7BA2}.Release|Any CPU.ActiveCfg = Release|Any CPU
		{A3C10CCE-1E3F-474C-A728-053B0F2B7BA2}.Release|Any CPU.Build.0 = Release|Any CPU
		{178C55BC-CCA4-4E98-B08A-055A9F5FA682}.Debug|Any CPU.ActiveCfg = Debug|Any CPU
		{178C55BC-CCA4-4E98-B08A-055A9F5FA682}.Debug|Any CPU.Build.0 = Debug|Any CPU
		{178C55BC-CCA4-4E98-B08A-055A9F5FA682}.Release|Any CPU.ActiveCfg = Release|Any CPU
		{178C55BC-CCA4-4E98-B08A-055A9F5FA682}.Release|Any CPU.Build.0 = Release|Any CPU
		{FBE46B8D-E318-4078-B30B-C7BBD0AB4CE7}.Debug|Any CPU.ActiveCfg = Debug|Any CPU
		{FBE46B8D-E318-4078-B30B-C7BBD0AB4CE7}.Debug|Any CPU.Build.0 = Debug|Any CPU
		{FBE46B8D-E318-4078-B30B-C7BBD0AB4CE7}.Release|Any CPU.ActiveCfg = Release|Any CPU
		{FBE46B8D-E318-4078-B30B-C7BBD0AB4CE7}.Release|Any CPU.Build.0 = Release|Any CPU
		{11C85C32-5C5F-452D-AE25-E5C97EC5934D}.Debug|Any CPU.ActiveCfg = Debug|Any CPU
		{11C85C32-5C5F-452D-AE25-E5C97EC5934D}.Debug|Any CPU.Build.0 = Debug|Any CPU
		{11C85C32-5C5F-452D-AE25-E5C97EC5934D}.Release|Any CPU.ActiveCfg = Release|Any CPU
		{11C85C32-5C5F-452D-AE25-E5C97EC5934D}.Release|Any CPU.Build.0 = Release|Any CPU
	EndGlobalSection
	GlobalSection(SolutionProperties) = preSolution
		HideSolutionNode = FALSE
	EndGlobalSection
	GlobalSection(ExtensibilityGlobals) = postSolution
		SolutionGuid = {A875D3FF-5C75-4626-B826-0E467A051BE8}
	EndGlobalSection
EndGlobal
